// !$*UTF8*$!
{
	archiveVersion = 1;
	classes = {
	};
	objectVersion = 46;
	objects = {

/* Begin PBXBuildFile section */
		F4724F27CF719C076DA4BF9B /* Pods_Training.framework in Frameworks */ = {isa = PBXBuildFile; fileRef = AF8A04DA208664555A66E6A0 /* Pods_Training.framework */; };
		FA3D2AD91F475A67001CDFC8 /* AdSupport.framework in Frameworks */ = {isa = PBXBuildFile; fileRef = FA3D2AD81F475A67001CDFC8 /* AdSupport.framework */; };
		FA3D2ADB1F478360001CDFC8 /* UsersFirebase.swift in Sources */ = {isa = PBXBuildFile; fileRef = FA3D2ADA1F47835F001CDFC8 /* UsersFirebase.swift */; };
		FA3FA7DA1F44D74A0088E041 /* TablaView2.swift in Sources */ = {isa = PBXBuildFile; fileRef = FA3FA7D91F44D74A0088E041 /* TablaView2.swift */; };
		FA3FA7DC1F44E33C0088E041 /* Modelo.swift in Sources */ = {isa = PBXBuildFile; fileRef = FA3FA7DB1F44E33B0088E041 /* Modelo.swift */; };
		FA41916E1F4343AE00F94B3B /* Tabla.swift in Sources */ = {isa = PBXBuildFile; fileRef = FA41916D1F4343AE00F94B3B /* Tabla.swift */; };
		FA4191701F434F7100F94B3B /* Celda.swift in Sources */ = {isa = PBXBuildFile; fileRef = FA41916F1F434F7100F94B3B /* Celda.swift */; };
		FA4191721F43585600F94B3B /* Data.swift in Sources */ = {isa = PBXBuildFile; fileRef = FA4191711F43585600F94B3B /* Data.swift */; };
		FA45E5761F45E1AB001D850F /* Parse.swift in Sources */ = {isa = PBXBuildFile; fileRef = FA45E5751F45E1AB001D850F /* Parse.swift */; };
		FA45E5781F45E43E001D850F /* Cellparse.swift in Sources */ = {isa = PBXBuildFile; fileRef = FA45E5771F45E43E001D850F /* Cellparse.swift */; };
		FA6BA64F1F41ED600018A451 /* AppDelegate.swift in Sources */ = {isa = PBXBuildFile; fileRef = FA6BA64E1F41ED600018A451 /* AppDelegate.swift */; };
		FA6BA6511F41ED600018A451 /* ViewController.swift in Sources */ = {isa = PBXBuildFile; fileRef = FA6BA6501F41ED600018A451 /* ViewController.swift */; };
		FA6BA6541F41ED600018A451 /* MainStoryboard.storyboard in Resources */ = {isa = PBXBuildFile; fileRef = FA6BA6521F41ED600018A451 /* MainStoryboard.storyboard */; };
		FA6BA6561F41ED600018A451 /* Assets.xcassets in Resources */ = {isa = PBXBuildFile; fileRef = FA6BA6551F41ED600018A451 /* Assets.xcassets */; };
		FA6BA6591F41ED600018A451 /* LaunchScreen.storyboard in Resources */ = {isa = PBXBuildFile; fileRef = FA6BA6571F41ED600018A451 /* LaunchScreen.storyboard */; };
		FA6BA6641F41ED600018A451 /* TrainingTests.swift in Sources */ = {isa = PBXBuildFile; fileRef = FA6BA6631F41ED600018A451 /* TrainingTests.swift */; };
		FA6BA66F1F41ED600018A451 /* TrainingUITests.swift in Sources */ = {isa = PBXBuildFile; fileRef = FA6BA66E1F41ED600018A451 /* TrainingUITests.swift */; };
		FA6BA67D1F4233540018A451 /* SecondScreen.swift in Sources */ = {isa = PBXBuildFile; fileRef = FA6BA67C1F4233540018A451 /* SecondScreen.swift */; };
		FA9407A21F43B11700D873A9 /* GoogleService-Info.plist in Resources */ = {isa = PBXBuildFile; fileRef = FA9407A11F43B11700D873A9 /* GoogleService-Info.plist */; };
/* End PBXBuildFile section */

/* Begin PBXContainerItemProxy section */
		FA6BA6601F41ED600018A451 /* PBXContainerItemProxy */ = {
			isa = PBXContainerItemProxy;
			containerPortal = FA6BA6431F41ED5F0018A451 /* Project object */;
			proxyType = 1;
			remoteGlobalIDString = FA6BA64A1F41ED5F0018A451;
			remoteInfo = Training;
		};
		FA6BA66B1F41ED600018A451 /* PBXContainerItemProxy */ = {
			isa = PBXContainerItemProxy;
			containerPortal = FA6BA6431F41ED5F0018A451 /* Project object */;
			proxyType = 1;
			remoteGlobalIDString = FA6BA64A1F41ED5F0018A451;
			remoteInfo = Training;
		};
/* End PBXContainerItemProxy section */

/* Begin PBXFileReference section */
		3353CB595D351A07925A2907 /* Pods-Training.release.xcconfig */ = {isa = PBXFileReference; includeInIndex = 1; lastKnownFileType = text.xcconfig; name = "Pods-Training.release.xcconfig"; path = "Pods/Target Support Files/Pods-Training/Pods-Training.release.xcconfig"; sourceTree = "<group>"; };
		6A7FA7B96EF505A0B35A9FCD /* Pods-Training.debug.xcconfig */ = {isa = PBXFileReference; includeInIndex = 1; lastKnownFileType = text.xcconfig; name = "Pods-Training.debug.xcconfig"; path = "Pods/Target Support Files/Pods-Training/Pods-Training.debug.xcconfig"; sourceTree = "<group>"; };
		AF8A04DA208664555A66E6A0 /* Pods_Training.framework */ = {isa = PBXFileReference; explicitFileType = wrapper.framework; includeInIndex = 0; path = Pods_Training.framework; sourceTree = BUILT_PRODUCTS_DIR; };
		FA3D2AD81F475A67001CDFC8 /* AdSupport.framework */ = {isa = PBXFileReference; lastKnownFileType = wrapper.framework; name = AdSupport.framework; path = System/Library/Frameworks/AdSupport.framework; sourceTree = SDKROOT; };
		FA3D2ADA1F47835F001CDFC8 /* UsersFirebase.swift */ = {isa = PBXFileReference; fileEncoding = 4; lastKnownFileType = sourcecode.swift; path = UsersFirebase.swift; sourceTree = "<group>"; };
		FA3FA7D91F44D74A0088E041 /* TablaView2.swift */ = {isa = PBXFileReference; fileEncoding = 4; lastKnownFileType = sourcecode.swift; path = TablaView2.swift; sourceTree = "<group>"; };
		FA3FA7DB1F44E33B0088E041 /* Modelo.swift */ = {isa = PBXFileReference; fileEncoding = 4; lastKnownFileType = sourcecode.swift; path = Modelo.swift; sourceTree = "<group>"; };
		FA41916D1F4343AE00F94B3B /* Tabla.swift */ = {isa = PBXFileReference; fileEncoding = 4; lastKnownFileType = sourcecode.swift; path = Tabla.swift; sourceTree = "<group>"; };
		FA41916F1F434F7100F94B3B /* Celda.swift */ = {isa = PBXFileReference; fileEncoding = 4; lastKnownFileType = sourcecode.swift; path = Celda.swift; sourceTree = "<group>"; };
		FA4191711F43585600F94B3B /* Data.swift */ = {isa = PBXFileReference; fileEncoding = 4; lastKnownFileType = sourcecode.swift; path = Data.swift; sourceTree = "<group>"; };
		FA45E5751F45E1AB001D850F /* Parse.swift */ = {isa = PBXFileReference; fileEncoding = 4; lastKnownFileType = sourcecode.swift; path = Parse.swift; sourceTree = "<group>"; };
		FA45E5771F45E43E001D850F /* Cellparse.swift */ = {isa = PBXFileReference; fileEncoding = 4; lastKnownFileType = sourcecode.swift; path = Cellparse.swift; sourceTree = "<group>"; };
		FA6BA64B1F41ED600018A451 /* Training.app */ = {isa = PBXFileReference; explicitFileType = wrapper.application; includeInIndex = 0; path = Training.app; sourceTree = BUILT_PRODUCTS_DIR; };
		FA6BA64E1F41ED600018A451 /* AppDelegate.swift */ = {isa = PBXFileReference; lastKnownFileType = sourcecode.swift; path = AppDelegate.swift; sourceTree = "<group>"; };
		FA6BA6501F41ED600018A451 /* ViewController.swift */ = {isa = PBXFileReference; lastKnownFileType = sourcecode.swift; path = ViewController.swift; sourceTree = "<group>"; };
		FA6BA6531F41ED600018A451 /* Base */ = {isa = PBXFileReference; lastKnownFileType = file.storyboard; name = Base; path = Base.lproj/MainStoryboard.storyboard; sourceTree = "<group>"; };
		FA6BA6551F41ED600018A451 /* Assets.xcassets */ = {isa = PBXFileReference; lastKnownFileType = folder.assetcatalog; path = Assets.xcassets; sourceTree = "<group>"; };
		FA6BA6581F41ED600018A451 /* Base */ = {isa = PBXFileReference; lastKnownFileType = file.storyboard; name = Base; path = Base.lproj/LaunchScreen.storyboard; sourceTree = "<group>"; };
		FA6BA65A1F41ED600018A451 /* Info.plist */ = {isa = PBXFileReference; lastKnownFileType = text.plist.xml; path = Info.plist; sourceTree = "<group>"; };
		FA6BA65F1F41ED600018A451 /* TrainingTests.xctest */ = {isa = PBXFileReference; explicitFileType = wrapper.cfbundle; includeInIndex = 0; path = TrainingTests.xctest; sourceTree = BUILT_PRODUCTS_DIR; };
		FA6BA6631F41ED600018A451 /* TrainingTests.swift */ = {isa = PBXFileReference; lastKnownFileType = sourcecode.swift; path = TrainingTests.swift; sourceTree = "<group>"; };
		FA6BA6651F41ED600018A451 /* Info.plist */ = {isa = PBXFileReference; lastKnownFileType = text.plist.xml; path = Info.plist; sourceTree = "<group>"; };
		FA6BA66A1F41ED600018A451 /* TrainingUITests.xctest */ = {isa = PBXFileReference; explicitFileType = wrapper.cfbundle; includeInIndex = 0; path = TrainingUITests.xctest; sourceTree = BUILT_PRODUCTS_DIR; };
		FA6BA66E1F41ED600018A451 /* TrainingUITests.swift */ = {isa = PBXFileReference; lastKnownFileType = sourcecode.swift; path = TrainingUITests.swift; sourceTree = "<group>"; };
		FA6BA6701F41ED600018A451 /* Info.plist */ = {isa = PBXFileReference; lastKnownFileType = text.plist.xml; path = Info.plist; sourceTree = "<group>"; };
		FA6BA67C1F4233540018A451 /* SecondScreen.swift */ = {isa = PBXFileReference; fileEncoding = 4; lastKnownFileType = sourcecode.swift; path = SecondScreen.swift; sourceTree = "<group>"; };
		FA9407A11F43B11700D873A9 /* GoogleService-Info.plist */ = {isa = PBXFileReference; fileEncoding = 4; lastKnownFileType = text.plist.xml; name = "GoogleService-Info.plist"; path = "../../GoogleService-Info.plist"; sourceTree = "<group>"; };
/* End PBXFileReference section */

/* Begin PBXFrameworksBuildPhase section */
		FA6BA6481F41ED5F0018A451 /* Frameworks */ = {
			isa = PBXFrameworksBuildPhase;
			buildActionMask = 2147483647;
			files = (
				FA3D2AD91F475A67001CDFC8 /* AdSupport.framework in Frameworks */,
				F4724F27CF719C076DA4BF9B /* Pods_Training.framework in Frameworks */,
			);
			runOnlyForDeploymentPostprocessing = 0;
		};
		FA6BA65C1F41ED600018A451 /* Frameworks */ = {
			isa = PBXFrameworksBuildPhase;
			buildActionMask = 2147483647;
			files = (
			);
			runOnlyForDeploymentPostprocessing = 0;
		};
		FA6BA6671F41ED600018A451 /* Frameworks */ = {
			isa = PBXFrameworksBuildPhase;
			buildActionMask = 2147483647;
			files = (
			);
			runOnlyForDeploymentPostprocessing = 0;
		};
/* End PBXFrameworksBuildPhase section */

/* Begin PBXGroup section */
		078BD75F2E21EFD003138438 /* Pods */ = {
			isa = PBXGroup;
			children = (
				6A7FA7B96EF505A0B35A9FCD /* Pods-Training.debug.xcconfig */,
				3353CB595D351A07925A2907 /* Pods-Training.release.xcconfig */,
			);
			name = Pods;
			sourceTree = "<group>";
		};
		ADB5A1FB8FD461EC0A0E500C /* Frameworks */ = {
			isa = PBXGroup;
			children = (
				FA3D2AD81F475A67001CDFC8 /* AdSupport.framework */,
				AF8A04DA208664555A66E6A0 /* Pods_Training.framework */,
			);
			name = Frameworks;
			sourceTree = "<group>";
		};
		FA6BA6421F41ED5F0018A451 = {
			isa = PBXGroup;
			children = (
				FA6BA64D1F41ED600018A451 /* Training */,
				FA6BA6621F41ED600018A451 /* TrainingTests */,
				FA6BA66D1F41ED600018A451 /* TrainingUITests */,
				FA6BA64C1F41ED600018A451 /* Products */,
				ADB5A1FB8FD461EC0A0E500C /* Frameworks */,
				078BD75F2E21EFD003138438 /* Pods */,
			);
			sourceTree = "<group>";
		};
		FA6BA64C1F41ED600018A451 /* Products */ = {
			isa = PBXGroup;
			children = (
				FA6BA64B1F41ED600018A451 /* Training.app */,
				FA6BA65F1F41ED600018A451 /* TrainingTests.xctest */,
				FA6BA66A1F41ED600018A451 /* TrainingUITests.xctest */,
			);
			name = Products;
			sourceTree = "<group>";
		};
		FA6BA64D1F41ED600018A451 /* Training */ = {
			isa = PBXGroup;
			children = (
				FA9407A11F43B11700D873A9 /* GoogleService-Info.plist */,
				FA6BA64E1F41ED600018A451 /* AppDelegate.swift */,
				FA6BA6501F41ED600018A451 /* ViewController.swift */,
				FA6BA67C1F4233540018A451 /* SecondScreen.swift */,
				FA41916D1F4343AE00F94B3B /* Tabla.swift */,
				FA41916F1F434F7100F94B3B /* Celda.swift */,
				FA4191711F43585600F94B3B /* Data.swift */,
				FA3FA7D91F44D74A0088E041 /* TablaView2.swift */,
				FA3FA7DB1F44E33B0088E041 /* Modelo.swift */,
				FA45E5751F45E1AB001D850F /* Parse.swift */,
				FA45E5771F45E43E001D850F /* Cellparse.swift */,
				FA3D2ADA1F47835F001CDFC8 /* UsersFirebase.swift */,
				FA6BA6521F41ED600018A451 /* MainStoryboard.storyboard */,
				FA6BA6551F41ED600018A451 /* Assets.xcassets */,
				FA6BA6571F41ED600018A451 /* LaunchScreen.storyboard */,
				FA6BA65A1F41ED600018A451 /* Info.plist */,
			);
			path = Training;
			sourceTree = "<group>";
		};
		FA6BA6621F41ED600018A451 /* TrainingTests */ = {
			isa = PBXGroup;
			children = (
				FA6BA6631F41ED600018A451 /* TrainingTests.swift */,
				FA6BA6651F41ED600018A451 /* Info.plist */,
			);
			path = TrainingTests;
			sourceTree = "<group>";
		};
		FA6BA66D1F41ED600018A451 /* TrainingUITests */ = {
			isa = PBXGroup;
			children = (
				FA6BA66E1F41ED600018A451 /* TrainingUITests.swift */,
				FA6BA6701F41ED600018A451 /* Info.plist */,
			);
			path = TrainingUITests;
			sourceTree = "<group>";
		};
/* End PBXGroup section */

/* Begin PBXNativeTarget section */
		FA6BA64A1F41ED5F0018A451 /* Training */ = {
			isa = PBXNativeTarget;
			buildConfigurationList = FA6BA6731F41ED600018A451 /* Build configuration list for PBXNativeTarget "Training" */;
			buildPhases = (
				794B5BC91EC45B2E7AC76EFB /* [CP] Check Pods Manifest.lock */,
				FA6BA6471F41ED5F0018A451 /* Sources */,
				FA6BA6481F41ED5F0018A451 /* Frameworks */,
				FA6BA6491F41ED5F0018A451 /* Resources */,
				5A3E88ABD9328BE58FA104B8 /* [CP] Embed Pods Frameworks */,
				F1CB4CF8A68BB7B5D7AE1FDD /* [CP] Copy Pods Resources */,
			);
			buildRules = (
			);
			dependencies = (
			);
			name = Training;
			productName = Training;
			productReference = FA6BA64B1F41ED600018A451 /* Training.app */;
			productType = "com.apple.product-type.application";
		};
		FA6BA65E1F41ED600018A451 /* TrainingTests */ = {
			isa = PBXNativeTarget;
			buildConfigurationList = FA6BA6761F41ED600018A451 /* Build configuration list for PBXNativeTarget "TrainingTests" */;
			buildPhases = (
				FA6BA65B1F41ED600018A451 /* Sources */,
				FA6BA65C1F41ED600018A451 /* Frameworks */,
				FA6BA65D1F41ED600018A451 /* Resources */,
			);
			buildRules = (
			);
			dependencies = (
				FA6BA6611F41ED600018A451 /* PBXTargetDependency */,
			);
			name = TrainingTests;
			productName = TrainingTests;
			productReference = FA6BA65F1F41ED600018A451 /* TrainingTests.xctest */;
			productType = "com.apple.product-type.bundle.unit-test";
		};
		FA6BA6691F41ED600018A451 /* TrainingUITests */ = {
			isa = PBXNativeTarget;
			buildConfigurationList = FA6BA6791F41ED600018A451 /* Build configuration list for PBXNativeTarget "TrainingUITests" */;
			buildPhases = (
				FA6BA6661F41ED600018A451 /* Sources */,
				FA6BA6671F41ED600018A451 /* Frameworks */,
				FA6BA6681F41ED600018A451 /* Resources */,
			);
			buildRules = (
			);
			dependencies = (
				FA6BA66C1F41ED600018A451 /* PBXTargetDependency */,
			);
			name = TrainingUITests;
			productName = TrainingUITests;
			productReference = FA6BA66A1F41ED600018A451 /* TrainingUITests.xctest */;
			productType = "com.apple.product-type.bundle.ui-testing";
		};
/* End PBXNativeTarget section */

/* Begin PBXProject section */
		FA6BA6431F41ED5F0018A451 /* Project object */ = {
			isa = PBXProject;
			attributes = {
				LastSwiftUpdateCheck = 0830;
				LastUpgradeCheck = 0830;
				ORGANIZATIONNAME = alex;
				TargetAttributes = {
					FA6BA64A1F41ED5F0018A451 = {
						CreatedOnToolsVersion = 8.3.3;
						ProvisioningStyle = Automatic;
					};
					FA6BA65E1F41ED600018A451 = {
						CreatedOnToolsVersion = 8.3.3;
						ProvisioningStyle = Automatic;
						TestTargetID = FA6BA64A1F41ED5F0018A451;
					};
					FA6BA6691F41ED600018A451 = {
						CreatedOnToolsVersion = 8.3.3;
						ProvisioningStyle = Automatic;
						TestTargetID = FA6BA64A1F41ED5F0018A451;
					};
				};
			};
			buildConfigurationList = FA6BA6461F41ED5F0018A451 /* Build configuration list for PBXProject "Training" */;
			compatibilityVersion = "Xcode 3.2";
			developmentRegion = English;
			hasScannedForEncodings = 0;
			knownRegions = (
				en,
				Base,
			);
			mainGroup = FA6BA6421F41ED5F0018A451;
			productRefGroup = FA6BA64C1F41ED600018A451 /* Products */;
			projectDirPath = "";
			projectRoot = "";
			targets = (
				FA6BA64A1F41ED5F0018A451 /* Training */,
				FA6BA65E1F41ED600018A451 /* TrainingTests */,
				FA6BA6691F41ED600018A451 /* TrainingUITests */,
			);
		};
/* End PBXProject section */

/* Begin PBXResourcesBuildPhase section */
		FA6BA6491F41ED5F0018A451 /* Resources */ = {
			isa = PBXResourcesBuildPhase;
			buildActionMask = 2147483647;
			files = (
				FA6BA6591F41ED600018A451 /* LaunchScreen.storyboard in Resources */,
				FA9407A21F43B11700D873A9 /* GoogleService-Info.plist in Resources */,
				FA6BA6561F41ED600018A451 /* Assets.xcassets in Resources */,
				FA6BA6541F41ED600018A451 /* MainStoryboard.storyboard in Resources */,
			);
			runOnlyForDeploymentPostprocessing = 0;
		};
		FA6BA65D1F41ED600018A451 /* Resources */ = {
			isa = PBXResourcesBuildPhase;
			buildActionMask = 2147483647;
			files = (
			);
			runOnlyForDeploymentPostprocessing = 0;
		};
		FA6BA6681F41ED600018A451 /* Resources */ = {
			isa = PBXResourcesBuildPhase;
			buildActionMask = 2147483647;
			files = (
			);
			runOnlyForDeploymentPostprocessing = 0;
		};
/* End PBXResourcesBuildPhase section */

/* Begin PBXShellScriptBuildPhase section */
		5A3E88ABD9328BE58FA104B8 /* [CP] Embed Pods Frameworks */ = {
			isa = PBXShellScriptBuildPhase;
			buildActionMask = 2147483647;
			files = (
			);
			inputPaths = (
				"${SRCROOT}/Pods/Target Support Files/Pods-Training/Pods-Training-frameworks.sh",
				"${BUILT_PRODUCTS_DIR}/Alamofire/Alamofire.framework",
				"${BUILT_PRODUCTS_DIR}/GTMSessionFetcher/GTMSessionFetcher.framework",
				"${BUILT_PRODUCTS_DIR}/GoogleToolboxForMac/GoogleToolboxForMac.framework",
				"${BUILT_PRODUCTS_DIR}/NVActivityIndicatorView/NVActivityIndicatorView.framework",
				"${BUILT_PRODUCTS_DIR}/SwiftyJSON/SwiftyJSON.framework",
				"${BUILT_PRODUCTS_DIR}/nanopb/nanopb.framework",
			);
			name = "[CP] Embed Pods Frameworks";
			outputPaths = (
				"${TARGET_BUILD_DIR}/${FRAMEWORKS_FOLDER_PATH}/Alamofire.framework",
				"${TARGET_BUILD_DIR}/${FRAMEWORKS_FOLDER_PATH}/GTMSessionFetcher.framework",
				"${TARGET_BUILD_DIR}/${FRAMEWORKS_FOLDER_PATH}/GoogleToolboxForMac.framework",
				"${TARGET_BUILD_DIR}/${FRAMEWORKS_FOLDER_PATH}/NVActivityIndicatorView.framework",
				"${TARGET_BUILD_DIR}/${FRAMEWORKS_FOLDER_PATH}/SwiftyJSON.framework",
				"${TARGET_BUILD_DIR}/${FRAMEWORKS_FOLDER_PATH}/nanopb.framework",
			);
			runOnlyForDeploymentPostprocessing = 0;
			shellPath = /bin/sh;
			shellScript = "\"${SRCROOT}/Pods/Target Support Files/Pods-Training/Pods-Training-frameworks.sh\"\n";
			showEnvVarsInLog = 0;
		};
		794B5BC91EC45B2E7AC76EFB /* [CP] Check Pods Manifest.lock */ = {
			isa = PBXShellScriptBuildPhase;
			buildActionMask = 2147483647;
			files = (
			);
			inputPaths = (
				"${PODS_PODFILE_DIR_PATH}/Podfile.lock",
				"${PODS_ROOT}/Manifest.lock",
			);
			name = "[CP] Check Pods Manifest.lock";
			outputPaths = (
				"$(DERIVED_FILE_DIR)/Pods-Training-checkManifestLockResult.txt",
			);
			runOnlyForDeploymentPostprocessing = 0;
			shellPath = /bin/sh;
			shellScript = "diff \"${PODS_PODFILE_DIR_PATH}/Podfile.lock\" \"${PODS_ROOT}/Manifest.lock\" > /dev/null\nif [ $? != 0 ] ; then\n    # print error to STDERR\n    echo \"error: The sandbox is not in sync with the Podfile.lock. Run 'pod install' or update your CocoaPods installation.\" >&2\n    exit 1\nfi\n# This output is used by Xcode 'outputs' to avoid re-running this script phase.\necho \"SUCCESS\" > \"${SCRIPT_OUTPUT_FILE_0}\"\n";
			showEnvVarsInLog = 0;
		};
		F1CB4CF8A68BB7B5D7AE1FDD /* [CP] Copy Pods Resources */ = {
			isa = PBXShellScriptBuildPhase;
			buildActionMask = 2147483647;
			files = (
			);
			inputPaths = (
			);
			name = "[CP] Copy Pods Resources";
			outputPaths = (
			);
			runOnlyForDeploymentPostprocessing = 0;
			shellPath = /bin/sh;
			shellScript = "\"${SRCROOT}/Pods/Target Support Files/Pods-Training/Pods-Training-resources.sh\"\n";
			showEnvVarsInLog = 0;
		};
/* End PBXShellScriptBuildPhase section */

/* Begin PBXSourcesBuildPhase section */
		FA6BA6471F41ED5F0018A451 /* Sources */ = {
			isa = PBXSourcesBuildPhase;
			buildActionMask = 2147483647;
			files = (
				FA6BA6511F41ED600018A451 /* ViewController.swift in Sources */,
				FA3FA7DA1F44D74A0088E041 /* TablaView2.swift in Sources */,
				FA3D2ADB1F478360001CDFC8 /* UsersFirebase.swift in Sources */,
				FA4191721F43585600F94B3B /* Data.swift in Sources */,
				FA6BA64F1F41ED600018A451 /* AppDelegate.swift in Sources */,
				FA41916E1F4343AE00F94B3B /* Tabla.swift in Sources */,
				FA4191701F434F7100F94B3B /* Celda.swift in Sources */,
				FA6BA67D1F4233540018A451 /* SecondScreen.swift in Sources */,
				FA45E5761F45E1AB001D850F /* Parse.swift in Sources */,
				FA3FA7DC1F44E33C0088E041 /* Modelo.swift in Sources */,
				FA45E5781F45E43E001D850F /* Cellparse.swift in Sources */,
			);
			runOnlyForDeploymentPostprocessing = 0;
		};
		FA6BA65B1F41ED600018A451 /* Sources */ = {
			isa = PBXSourcesBuildPhase;
			buildActionMask = 2147483647;
			files = (
				FA6BA6641F41ED600018A451 /* TrainingTests.swift in Sources */,
			);
			runOnlyForDeploymentPostprocessing = 0;
		};
		FA6BA6661F41ED600018A451 /* Sources */ = {
			isa = PBXSourcesBuildPhase;
			buildActionMask = 2147483647;
			files = (
				FA6BA66F1F41ED600018A451 /* TrainingUITests.swift in Sources */,
			);
			runOnlyForDeploymentPostprocessing = 0;
		};
/* End PBXSourcesBuildPhase section */

/* Begin PBXTargetDependency section */
		FA6BA6611F41ED600018A451 /* PBXTargetDependency */ = {
			isa = PBXTargetDependency;
			target = FA6BA64A1F41ED5F0018A451 /* Training */;
			targetProxy = FA6BA6601F41ED600018A451 /* PBXContainerItemProxy */;
		};
		FA6BA66C1F41ED600018A451 /* PBXTargetDependency */ = {
			isa = PBXTargetDependency;
			target = FA6BA64A1F41ED5F0018A451 /* Training */;
			targetProxy = FA6BA66B1F41ED600018A451 /* PBXContainerItemProxy */;
		};
/* End PBXTargetDependency section */

/* Begin PBXVariantGroup section */
		FA6BA6521F41ED600018A451 /* MainStoryboard.storyboard */ = {
			isa = PBXVariantGroup;
			children = (
				FA6BA6531F41ED600018A451 /* Base */,
			);
			name = MainStoryboard.storyboard;
			sourceTree = "<group>";
		};
		FA6BA6571F41ED600018A451 /* LaunchScreen.storyboard */ = {
			isa = PBXVariantGroup;
			children = (
				FA6BA6581F41ED600018A451 /* Base */,
			);
			name = LaunchScreen.storyboard;
			sourceTree = "<group>";
		};
/* End PBXVariantGroup section */

/* Begin XCBuildConfiguration section */
		FA6BA6711F41ED600018A451 /* Debug */ = {
			isa = XCBuildConfiguration;
			buildSettings = {
				ALWAYS_SEARCH_USER_PATHS = NO;
				CLANG_ANALYZER_NONNULL = YES;
				CLANG_ANALYZER_NUMBER_OBJECT_CONVERSION = YES_AGGRESSIVE;
				CLANG_CXX_LANGUAGE_STANDARD = "gnu++0x";
				CLANG_CXX_LIBRARY = "libc++";
				CLANG_ENABLE_MODULES = YES;
				CLANG_ENABLE_OBJC_ARC = YES;
				CLANG_WARN_BOOL_CONVERSION = YES;
				CLANG_WARN_CONSTANT_CONVERSION = YES;
				CLANG_WARN_DIRECT_OBJC_ISA_USAGE = YES_ERROR;
				CLANG_WARN_DOCUMENTATION_COMMENTS = YES;
				CLANG_WARN_EMPTY_BODY = YES;
				CLANG_WARN_ENUM_CONVERSION = YES;
				CLANG_WARN_INFINITE_RECURSION = YES;
				CLANG_WARN_INT_CONVERSION = YES;
				CLANG_WARN_OBJC_ROOT_CLASS = YES_ERROR;
				CLANG_WARN_SUSPICIOUS_MOVE = YES;
				CLANG_WARN_UNREACHABLE_CODE = YES;
				CLANG_WARN__DUPLICATE_METHOD_MATCH = YES;
				"CODE_SIGN_IDENTITY[sdk=iphoneos*]" = "iPhone Developer";
				COPY_PHASE_STRIP = NO;
				DEBUG_INFORMATION_FORMAT = dwarf;
				ENABLE_STRICT_OBJC_MSGSEND = YES;
				ENABLE_TESTABILITY = YES;
				GCC_C_LANGUAGE_STANDARD = gnu99;
				GCC_DYNAMIC_NO_PIC = NO;
				GCC_NO_COMMON_BLOCKS = YES;
				GCC_OPTIMIZATION_LEVEL = 0;
				GCC_PREPROCESSOR_DEFINITIONS = (
					"DEBUG=1",
					"$(inherited)",
				);
				GCC_WARN_64_TO_32_BIT_CONVERSION = YES;
				GCC_WARN_ABOUT_RETURN_TYPE = YES_ERROR;
				GCC_WARN_UNDECLARED_SELECTOR = YES;
				GCC_WARN_UNINITIALIZED_AUTOS = YES_AGGRESSIVE;
				GCC_WARN_UNUSED_FUNCTION = YES;
				GCC_WARN_UNUSED_VARIABLE = YES;
				IPHONEOS_DEPLOYMENT_TARGET = 10.3;
				MTL_ENABLE_DEBUG_INFO = YES;
				ONLY_ACTIVE_ARCH = YES;
				SDKROOT = iphoneos;
				SWIFT_ACTIVE_COMPILATION_CONDITIONS = DEBUG;
				SWIFT_OPTIMIZATION_LEVEL = "-Onone";
				TARGETED_DEVICE_FAMILY = "1,2";
			};
			name = Debug;
		};
		FA6BA6721F41ED600018A451 /* Release */ = {
			isa = XCBuildConfiguration;
			buildSettings = {
				ALWAYS_SEARCH_USER_PATHS = NO;
				CLANG_ANALYZER_NONNULL = YES;
				CLANG_ANALYZER_NUMBER_OBJECT_CONVERSION = YES_AGGRESSIVE;
				CLANG_CXX_LANGUAGE_STANDARD = "gnu++0x";
				CLANG_CXX_LIBRARY = "libc++";
				CLANG_ENABLE_MODULES = YES;
				CLANG_ENABLE_OBJC_ARC = YES;
				CLANG_WARN_BOOL_CONVERSION = YES;
				CLANG_WARN_CONSTANT_CONVERSION = YES;
				CLANG_WARN_DIRECT_OBJC_ISA_USAGE = YES_ERROR;
				CLANG_WARN_DOCUMENTATION_COMMENTS = YES;
				CLANG_WARN_EMPTY_BODY = YES;
				CLANG_WARN_ENUM_CONVERSION = YES;
				CLANG_WARN_INFINITE_RECURSION = YES;
				CLANG_WARN_INT_CONVERSION = YES;
				CLANG_WARN_OBJC_ROOT_CLASS = YES_ERROR;
				CLANG_WARN_SUSPICIOUS_MOVE = YES;
				CLANG_WARN_UNREACHABLE_CODE = YES;
				CLANG_WARN__DUPLICATE_METHOD_MATCH = YES;
				"CODE_SIGN_IDENTITY[sdk=iphoneos*]" = "iPhone Developer";
				COPY_PHASE_STRIP = NO;
				DEBUG_INFORMATION_FORMAT = "dwarf-with-dsym";
				ENABLE_NS_ASSERTIONS = NO;
				ENABLE_STRICT_OBJC_MSGSEND = YES;
				GCC_C_LANGUAGE_STANDARD = gnu99;
				GCC_NO_COMMON_BLOCKS = YES;
				GCC_WARN_64_TO_32_BIT_CONVERSION = YES;
				GCC_WARN_ABOUT_RETURN_TYPE = YES_ERROR;
				GCC_WARN_UNDECLARED_SELECTOR = YES;
				GCC_WARN_UNINITIALIZED_AUTOS = YES_AGGRESSIVE;
				GCC_WARN_UNUSED_FUNCTION = YES;
				GCC_WARN_UNUSED_VARIABLE = YES;
				IPHONEOS_DEPLOYMENT_TARGET = 10.3;
				MTL_ENABLE_DEBUG_INFO = NO;
				SDKROOT = iphoneos;
				SWIFT_OPTIMIZATION_LEVEL = "-Owholemodule";
				TARGETED_DEVICE_FAMILY = "1,2";
				VALIDATE_PRODUCT = YES;
			};
			name = Release;
		};
		FA6BA6741F41ED600018A451 /* Debug */ = {
			isa = XCBuildConfiguration;
			baseConfigurationReference = 6A7FA7B96EF505A0B35A9FCD /* Pods-Training.debug.xcconfig */;
			buildSettings = {
				ASSETCATALOG_COMPILER_APPICON_NAME = AppIcon;
				INFOPLIST_FILE = Training/Info.plist;
				LD_RUNPATH_SEARCH_PATHS = "$(inherited) @executable_path/Frameworks";
				PRODUCT_BUNDLE_IDENTIFIER = elaniinprueba.Training;
				PRODUCT_NAME = "$(TARGET_NAME)";
				SWIFT_VERSION = 3.0;
				TARGETED_DEVICE_FAMILY = 1;
			};
			name = Debug;
		};
		FA6BA6751F41ED600018A451 /* Release */ = {
			isa = XCBuildConfiguration;
			baseConfigurationReference = 3353CB595D351A07925A2907 /* Pods-Training.release.xcconfig */;
			buildSettings = {
				ASSETCATALOG_COMPILER_APPICON_NAME = AppIcon;
				INFOPLIST_FILE = Training/Info.plist;
				LD_RUNPATH_SEARCH_PATHS = "$(inherited) @executable_path/Frameworks";
				PRODUCT_BUNDLE_IDENTIFIER = elaniinprueba.Training;
				PRODUCT_NAME = "$(TARGET_NAME)";
				SWIFT_VERSION = 3.0;
				TARGETED_DEVICE_FAMILY = 1;
			};
			name = Release;
		};
		FA6BA6771F41ED600018A451 /* Debug */ = {
			isa = XCBuildConfiguration;
			buildSettings = {
				ALWAYS_EMBED_SWIFT_STANDARD_LIBRARIES = YES;
				BUNDLE_LOADER = "$(TEST_HOST)";
				INFOPLIST_FILE = TrainingTests/Info.plist;
				LD_RUNPATH_SEARCH_PATHS = "$(inherited) @executable_path/Frameworks @loader_path/Frameworks";
				PRODUCT_BUNDLE_IDENTIFIER = elaniinprueba.TrainingTests;
				PRODUCT_NAME = "$(TARGET_NAME)";
				SWIFT_VERSION = 3.0;
				TEST_HOST = "$(BUILT_PRODUCTS_DIR)/Training.app/Training";
			};
			name = Debug;
		};
		FA6BA6781F41ED600018A451 /* Release */ = {
			isa = XCBuildConfiguration;
			buildSettings = {
				ALWAYS_EMBED_SWIFT_STANDARD_LIBRARIES = YES;
				BUNDLE_LOADER = "$(TEST_HOST)";
				INFOPLIST_FILE = TrainingTests/Info.plist;
				LD_RUNPATH_SEARCH_PATHS = "$(inherited) @executable_path/Frameworks @loader_path/Frameworks";
				PRODUCT_BUNDLE_IDENTIFIER = elaniinprueba.TrainingTests;
				PRODUCT_NAME = "$(TARGET_NAME)";
				SWIFT_VERSION = 3.0;
				TEST_HOST = "$(BUILT_PRODUCTS_DIR)/Training.app/Training";
			};
			name = Release;
		};
		FA6BA67A1F41ED600018A451 /* Debug */ = {
			isa = XCBuildConfiguration;
			buildSettings = {
				ALWAYS_EMBED_SWIFT_STANDARD_LIBRARIES = YES;
				INFOPLIST_FILE = TrainingUITests/Info.plist;
				LD_RUNPATH_SEARCH_PATHS = "$(inherited) @executable_path/Frameworks @loader_path/Frameworks";
				PRODUCT_BUNDLE_IDENTIFIER = elaniinprueba.TrainingUITests;
				PRODUCT_NAME = "$(TARGET_NAME)";
				SWIFT_VERSION = 3.0;
				TEST_TARGET_NAME = Training;
			};
			name = Debug;
		};
		FA6BA67B1F41ED600018A451 /* Release */ = {
			isa = XCBuildConfiguration;
			buildSettings = {
				ALWAYS_EMBED_SWIFT_STANDARD_LIBRARIES = YES;
				INFOPLIST_FILE = TrainingUITests/Info.plist;
				LD_RUNPATH_SEARCH_PATHS = "$(inherited) @executable_path/Frameworks @loader_path/Frameworks";
				PRODUCT_BUNDLE_IDENTIFIER = elaniinprueba.TrainingUITests;
				PRODUCT_NAME = "$(TARGET_NAME)";
				SWIFT_VERSION = 3.0;
				TEST_TARGET_NAME = Training;
			};
			name = Release;
		};
/* End XCBuildConfiguration section */

/* Begin XCConfigurationList section */
		FA6BA6461F41ED5F0018A451 /* Build configuration list for PBXProject "Training" */ = {
			isa = XCConfigurationList;
			buildConfigurations = (
				FA6BA6711F41ED600018A451 /* Debug */,
				FA6BA6721F41ED600018A451 /* Release */,
			);
			defaultConfigurationIsVisible = 0;
			defaultConfigurationName = Release;
		};
		FA6BA6731F41ED600018A451 /* Build configuration list for PBXNativeTarget "Training" */ = {
			isa = XCConfigurationList;
			buildConfigurations = (
				FA6BA6741F41ED600018A451 /* Debug */,
				FA6BA6751F41ED600018A451 /* Release */,
			);
			defaultConfigurationIsVisible = 0;
			defaultConfigurationName = Release;
		};
		FA6BA6761F41ED600018A451 /* Build configuration list for PBXNativeTarget "TrainingTests" */ = {
			isa = XCConfigurationList;
			buildConfigurations = (
				FA6BA6771F41ED600018A451 /* Debug */,
				FA6BA6781F41ED600018A451 /* Release */,
			);
			defaultConfigurationIsVisible = 0;
			defaultConfigurationName = Release;
		};
		FA6BA6791F41ED600018A451 /* Build configuration list for PBXNativeTarget "TrainingUITests" */ = {
			isa = XCConfigurationList;
			buildConfigurations = (
				FA6BA67A1F41ED600018A451 /* Debug */,
				FA6BA67B1F41ED600018A451 /* Release */,
			);
			defaultConfigurationIsVisible = 0;
			defaultConfigurationName = Release;
		};
/* End XCConfigurationList section */
	};
	rootObject = FA6BA6431F41ED5F0018A451 /* Project object */;
}
